
Microsoft Visual Studio Solution File, Format Version 12.00
# Visual Studio Version 17
VisualStudioVersion = 17.1.32210.238
MinimumVisualStudioVersion = 10.0.40219.1
Project("{FAE04EC0-301F-11D3-BF4B-00C04F79EFBC}") = "L5+RJRJ+1037623", "L5+RJRJ+1037623\L5+RJRJ+1037623.csproj", "{82E8E569-C4BB-4C8D-A806-C804FE1AC1C0}"
EndProject
Global
	GlobalSection(SolutionConfigurationPlatforms) = preSolution
		Debug|Any CPU = Debug|Any CPU
		Release|Any CPU = Release|Any CPU
	EndGlobalSection
	GlobalSection(ProjectConfigurationPlatforms) = postSolution
		{82E8E569-C4BB-4C8D-A806-C804FE1AC1C0}.Debug|Any CPU.ActiveCfg = Debug|Any CPU
		{82E8E569-C4BB-4C8D-A806-C804FE1AC1C0}.Debug|Any CPU.Build.0 = Debug|Any CPU
		{82E8E569-C4BB-4C8D-A806-C804FE1AC1C0}.Release|Any CPU.ActiveCfg = Release|Any CPU
		{82E8E569-C4BB-4C8D-A806-C804FE1AC1C0}.Release|Any CPU.Build.0 = Release|Any CPU
	EndGlobalSection
	GlobalSection(SolutionProperties) = preSolution
		HideSolutionNode = FALSE
	EndGlobalSection
	GlobalSection(ExtensibilityGlobals) = postSolution
		SolutionGuid = {DBEC9AE0-AB56-47EA-8519-A710999431F6}
	EndGlobalSection
EndGlobal
