
Microsoft Visual Studio Solution File, Format Version 12.00
# Visual Studio Version 17
VisualStudioVersion = 17.1.32210.238
MinimumVisualStudioVersion = 10.0.40219.1
Project("{FAE04EC0-301F-11D3-BF4B-00C04F79EFBC}") = "Juego numerico", "Juego numerico\Juego numerico.csproj", "{018D8813-5F53-4B7F-9887-F752D1457B4F}"
EndProject
Global
	GlobalSection(SolutionConfigurationPlatforms) = preSolution
		Debug|Any CPU = Debug|Any CPU
		Release|Any CPU = Release|Any CPU
	EndGlobalSection
	GlobalSection(ProjectConfigurationPlatforms) = postSolution
		{018D8813-5F53-4B7F-9887-F752D1457B4F}.Debug|Any CPU.ActiveCfg = Debug|Any CPU
		{018D8813-5F53-4B7F-9887-F752D1457B4F}.Debug|Any CPU.Build.0 = Debug|Any CPU
		{018D8813-5F53-4B7F-9887-F752D1457B4F}.Release|Any CPU.ActiveCfg = Release|Any CPU
		{018D8813-5F53-4B7F-9887-F752D1457B4F}.Release|Any CPU.Build.0 = Release|Any CPU
	EndGlobalSection
	GlobalSection(SolutionProperties) = preSolution
		HideSolutionNode = FALSE
	EndGlobalSection
	GlobalSection(ExtensibilityGlobals) = postSolution
		SolutionGuid = {C863A9A1-8EA2-426F-B636-F8AB8963106C}
	EndGlobalSection
EndGlobal
