
Microsoft Visual Studio Solution File, Format Version 12.00
# Visual Studio Version 17
VisualStudioVersion = 17.1.32210.238
MinimumVisualStudioVersion = 10.0.40219.1
Project("{FAE04EC0-301F-11D3-BF4B-00C04F79EFBC}") = "L1RJRJ1037623", "L1RJRJ1037623\L1RJRJ1037623.csproj", "{D531440A-82EB-4B40-9014-61DB914978FE}"
EndProject
Global
	GlobalSection(SolutionConfigurationPlatforms) = preSolution
		Debug|Any CPU = Debug|Any CPU
		Release|Any CPU = Release|Any CPU
	EndGlobalSection
	GlobalSection(ProjectConfigurationPlatforms) = postSolution
		{D531440A-82EB-4B40-9014-61DB914978FE}.Debug|Any CPU.ActiveCfg = Debug|Any CPU
		{D531440A-82EB-4B40-9014-61DB914978FE}.Debug|Any CPU.Build.0 = Debug|Any CPU
		{D531440A-82EB-4B40-9014-61DB914978FE}.Release|Any CPU.ActiveCfg = Release|Any CPU
		{D531440A-82EB-4B40-9014-61DB914978FE}.Release|Any CPU.Build.0 = Release|Any CPU
	EndGlobalSection
	GlobalSection(SolutionProperties) = preSolution
		HideSolutionNode = FALSE
	EndGlobalSection
	GlobalSection(ExtensibilityGlobals) = postSolution
		SolutionGuid = {3179F502-846C-4F31-8E85-4BE75563438D}
	EndGlobalSection
EndGlobal
