
Microsoft Visual Studio Solution File, Format Version 12.00
# Visual Studio Version 17
VisualStudioVersion = 17.1.32210.238
MinimumVisualStudioVersion = 10.0.40219.1
Project("{FAE04EC0-301F-11D3-BF4B-00C04F79EFBC}") = "Arreglos", "Arreglos\Arreglos.csproj", "{25DEF321-9B85-46FE-A811-DBF3822EF976}"
EndProject
Global
	GlobalSection(SolutionConfigurationPlatforms) = preSolution
		Debug|Any CPU = Debug|Any CPU
		Release|Any CPU = Release|Any CPU
	EndGlobalSection
	GlobalSection(ProjectConfigurationPlatforms) = postSolution
		{25DEF321-9B85-46FE-A811-DBF3822EF976}.Debug|Any CPU.ActiveCfg = Debug|Any CPU
		{25DEF321-9B85-46FE-A811-DBF3822EF976}.Debug|Any CPU.Build.0 = Debug|Any CPU
		{25DEF321-9B85-46FE-A811-DBF3822EF976}.Release|Any CPU.ActiveCfg = Release|Any CPU
		{25DEF321-9B85-46FE-A811-DBF3822EF976}.Release|Any CPU.Build.0 = Release|Any CPU
	EndGlobalSection
	GlobalSection(SolutionProperties) = preSolution
		HideSolutionNode = FALSE
	EndGlobalSection
	GlobalSection(ExtensibilityGlobals) = postSolution
		SolutionGuid = {E9A6B7CD-5AAC-43B4-BE42-406041717496}
	EndGlobalSection
EndGlobal
